// !$*UTF8*$!
{
	archiveVersion = 1;
	classes = {
	};
	objectVersion = 46;
	objects = {

/* Begin PBXBuildFile section */
		47B7873C1C177209004996DF /* AppDelegate.swift in Sources */ = {isa = PBXBuildFile; fileRef = 47B7873B1C177209004996DF /* AppDelegate.swift */; };
		47B7873E1C177209004996DF /* ViewController.swift in Sources */ = {isa = PBXBuildFile; fileRef = 47B7873D1C177209004996DF /* ViewController.swift */; };
		47B787411C177209004996DF /* Main.storyboard in Resources */ = {isa = PBXBuildFile; fileRef = 47B7873F1C177209004996DF /* Main.storyboard */; };
		47B787431C177209004996DF /* Assets.xcassets in Resources */ = {isa = PBXBuildFile; fileRef = 47B787421C177209004996DF /* Assets.xcassets */; };
		47B787461C177209004996DF /* LaunchScreen.storyboard in Resources */ = {isa = PBXBuildFile; fileRef = 47B787441C177209004996DF /* LaunchScreen.storyboard */; };
		47B7874E1C17733D004996DF /* UIFont+Style.swift in Sources */ = {isa = PBXBuildFile; fileRef = 47B7874D1C17733D004996DF /* UIFont+Style.swift */; };
/* End PBXBuildFile section */

/* Begin PBXFileReference section */
		47B787381C177209004996DF /* UIFontStyle.app */ = {isa = PBXFileReference; explicitFileType = wrapper.application; includeInIndex = 0; path = UIFontStyle.app; sourceTree = BUILT_PRODUCTS_DIR; };
		47B7873B1C177209004996DF /* AppDelegate.swift */ = {isa = PBXFileReference; lastKnownFileType = sourcecode.swift; path = AppDelegate.swift; sourceTree = "<group>"; };
		47B7873D1C177209004996DF /* ViewController.swift */ = {isa = PBXFileReference; lastKnownFileType = sourcecode.swift; path = ViewController.swift; sourceTree = "<group>"; };
		47B787401C177209004996DF /* Base */ = {isa = PBXFileReference; lastKnownFileType = file.storyboard; name = Base; path = Base.lproj/Main.storyboard; sourceTree = "<group>"; };
		47B787421C177209004996DF /* Assets.xcassets */ = {isa = PBXFileReference; lastKnownFileType = folder.assetcatalog; path = Assets.xcassets; sourceTree = "<group>"; };
		47B787451C177209004996DF /* Base */ = {isa = PBXFileReference; lastKnownFileType = file.storyboard; name = Base; path = Base.lproj/LaunchScreen.storyboard; sourceTree = "<group>"; };
		47B787471C177209004996DF /* Info.plist */ = {isa = PBXFileReference; lastKnownFileType = text.plist.xml; path = Info.plist; sourceTree = "<group>"; };
		47B7874D1C17733D004996DF /* UIFont+Style.swift */ = {isa = PBXFileReference; fileEncoding = 4; lastKnownFileType = sourcecode.swift; path = "UIFont+Style.swift"; sourceTree = "<group>"; };
/* End PBXFileReference section */

/* Begin PBXFrameworksBuildPhase section */
		47B787351C177209004996DF /* Frameworks */ = {
			isa = PBXFrameworksBuildPhase;
			buildActionMask = 2147483647;
			files = (
			);
			runOnlyForDeploymentPostprocessing = 0;
		};
/* End PBXFrameworksBuildPhase section */

/* Begin PBXGroup section */
		47B7872F1C177209004996DF = {
			isa = PBXGroup;
			children = (
				47B7873A1C177209004996DF /* UIFontStyle */,
				47B787391C177209004996DF /* Products */,
			);
			sourceTree = "<group>";
		};
		47B787391C177209004996DF /* Products */ = {
			isa = PBXGroup;
			children = (
				47B787381C177209004996DF /* UIFontStyle.app */,
			);
			name = Products;
			sourceTree = "<group>";
		};
		47B7873A1C177209004996DF /* UIFontStyle */ = {
			isa = PBXGroup;
			children = (
				47B7873B1C177209004996DF /* AppDelegate.swift */,
				47B7873D1C177209004996DF /* ViewController.swift */,
				47B7873F1C177209004996DF /* Main.storyboard */,
				47B787421C177209004996DF /* Assets.xcassets */,
				47B787441C177209004996DF /* LaunchScreen.storyboard */,
				47B787471C177209004996DF /* Info.plist */,
				47B7874D1C17733D004996DF /* UIFont+Style.swift */,
			);
			path = UIFontStyle;
			sourceTree = "<group>";
		};
/* End PBXGroup section */

/* Begin PBXNativeTarget section */
		47B787371C177209004996DF /* UIFontStyle */ = {
			isa = PBXNativeTarget;
			buildConfigurationList = 47B7874A1C177209004996DF /* Build configuration list for PBXNativeTarget "UIFontStyle" */;
			buildPhases = (
				47B787341C177209004996DF /* Sources */,
				47B787351C177209004996DF /* Frameworks */,
				47B787361C177209004996DF /* Resources */,
			);
			buildRules = (
			);
			dependencies = (
			);
			name = UIFontStyle;
			productName = UIFontStyle;
			productReference = 47B787381C177209004996DF /* UIFontStyle.app */;
			productType = "com.apple.product-type.application";
		};
/* End PBXNativeTarget section */

/* Begin PBXProject section */
		47B787301C177209004996DF /* Project object */ = {
			isa = PBXProject;
			attributes = {
				LastSwiftUpdateCheck = 0710;
				LastUpgradeCheck = 0710;
				ORGANIZATIONNAME = "Mike Palmer";
				TargetAttributes = {
					47B787371C177209004996DF = {
						CreatedOnToolsVersion = 7.1.1;
					};
				};
			};
			buildConfigurationList = 47B787331C177209004996DF /* Build configuration list for PBXProject "UIFontStyle" */;
			compatibilityVersion = "Xcode 3.2";
			developmentRegion = English;
			hasScannedForEncodings = 0;
			knownRegions = (
				en,
				Base,
			);
			mainGroup = 47B7872F1C177209004996DF;
			productRefGroup = 47B787391C177209004996DF /* Products */;
			projectDirPath = "";
			projectRoot = "";
			targets = (
				47B787371C177209004996DF /* UIFontStyle */,
			);
		};
/* End PBXProject section */

/* Begin PBXResourcesBuildPhase section */
		47B787361C177209004996DF /* Resources */ = {
			isa = PBXResourcesBuildPhase;
			buildActionMask = 2147483647;
			files = (
				47B787461C177209004996DF /* LaunchScreen.storyboard in Resources */,
				47B787431C177209004996DF /* Assets.xcassets in Resources */,
				47B787411C177209004996DF /* Main.storyboard in Resources */,
			);
			runOnlyForDeploymentPostprocessing = 0;
		};
/* End PBXResourcesBuildPhase section */

/* Begin PBXSourcesBuildPhase section */
		47B787341C177209004996DF /* Sources */ = {
			isa = PBXSourcesBuildPhase;
			buildActionMask = 2147483647;
			files = (
				47B7874E1C17733D004996DF /* UIFont+Style.swift in Sources */,
				47B7873E1C177209004996DF /* ViewController.swift in Sources */,
				47B7873C1C177209004996DF /* AppDelegate.swift in Sources */,
			);
			runOnlyForDeploymentPostprocessing = 0;
		};
/* End PBXSourcesBuildPhase section */

/* Begin PBXVariantGroup section */
		47B7873F1C177209004996DF /* Main.storyboard */ = {
			isa = PBXVariantGroup;
			children = (
				47B787401C177209004996DF /* Base */,
			);
			name = Main.storyboard;
			sourceTree = "<group>";
		};
		47B787441C177209004996DF /* LaunchScreen.storyboard */ = {
			isa = PBXVariantGroup;
			children = (
				47B787451C177209004996DF /* Base */,
			);
			name = LaunchScreen.storyboard;
			sourceTree = "<group>";
		};
/* End PBXVariantGroup section */

/* Begin XCBuildConfiguration section */
		47B787481C177209004996DF /* Debug */ = {
			isa = XCBuildConfiguration;
			buildSettings = {
				ALWAYS_SEARCH_USER_PATHS = NO;
				CLANG_CXX_LANGUAGE_STANDARD = "gnu++0x";
				CLANG_CXX_LIBRARY = "libc++";
				CLANG_ENABLE_MODULES = YES;
				CLANG_ENABLE_OBJC_ARC = YES;
				CLANG_WARN_BOOL_CONVERSION = YES;
				CLANG_WARN_CONSTANT_CONVERSION = YES;
				CLANG_WARN_DIRECT_OBJC_ISA_USAGE = YES_ERROR;
				CLANG_WARN_EMPTY_BODY = YES;
				CLANG_WARN_ENUM_CONVERSION = YES;
				CLANG_WARN_INT_CONVERSION = YES;
				CLANG_WARN_OBJC_ROOT_CLASS = YES_ERROR;
				CLANG_WARN_UNREACHABLE_CODE = YES;
				CLANG_WARN__DUPLICATE_METHOD_MATCH = YES;
				"CODE_SIGN_IDENTITY[sdk=iphoneos*]" = "iPhone Developer";
				COPY_PHASE_STRIP = NO;
				DEBUG_INFORMATION_FORMAT = dwarf;
				ENABLE_STRICT_OBJC_MSGSEND = YES;
				ENABLE_TESTABILITY = YES;
				GCC_C_LANGUAGE_STANDARD = gnu99;
				GCC_DYNAMIC_NO_PIC = NO;
				GCC_NO_COMMON_BLOCKS = YES;
				GCC_OPTIMIZATION_LEVEL = 0;
				GCC_PREPROCESSOR_DEFINITIONS = (
					"DEBUG=1",
					"$(inherited)",
				);
				GCC_WARN_64_TO_32_BIT_CONVERSION = YES;
				GCC_WARN_ABOUT_RETURN_TYPE = YES_ERROR;
				GCC_WARN_UNDECLARED_SELECTOR = YES;
				GCC_WARN_UNINITIALIZED_AUTOS = YES_AGGRESSIVE;
				GCC_WARN_UNUSED_FUNCTION = YES;
				GCC_WARN_UNUSED_VARIABLE = YES;
				IPHONEOS_DEPLOYMENT_TARGET = 9.1;
				MTL_ENABLE_DEBUG_INFO = YES;
				ONLY_ACTIVE_ARCH = YES;
				SDKROOT = iphoneos;
				SWIFT_OPTIMIZATION_LEVEL = "-Onone";
			};
			name = Debug;
		};
		47B787491C177209004996DF /* Release */ = {
			isa = XCBuildConfiguration;
			buildSettings = {
				ALWAYS_SEARCH_USER_PATHS = NO;
				CLANG_CXX_LANGUAGE_STANDARD = "gnu++0x";
				CLANG_CXX_LIBRARY = "libc++";
				CLANG_ENABLE_MODULES = YES;
				CLANG_ENABLE_OBJC_ARC = YES;
				CLANG_WARN_BOOL_CONVERSION = YES;
				CLANG_WARN_CONSTANT_CONVERSION = YES;
				CLANG_WARN_DIRECT_OBJC_ISA_USAGE = YES_ERROR;
				CLANG_WARN_EMPTY_BODY = YES;
				CLANG_WARN_ENUM_CONVERSION = YES;
				CLANG_WARN_INT_CONVERSION = YES;
				CLANG_WARN_OBJC_ROOT_CLASS = YES_ERROR;
				CLANG_WARN_UNREACHABLE_CODE = YES;
				CLANG_WARN__DUPLICATE_METHOD_MATCH = YES;
				"CODE_SIGN_IDENTITY[sdk=iphoneos*]" = "iPhone Developer";
				COPY_PHASE_STRIP = NO;
				DEBUG_INFORMATION_FORMAT = "dwarf-with-dsym";
				ENABLE_NS_ASSERTIONS = NO;
				ENABLE_STRICT_OBJC_MSGSEND = YES;
				GCC_C_LANGUAGE_STANDARD = gnu99;
				GCC_NO_COMMON_BLOCKS = YES;
				GCC_WARN_64_TO_32_BIT_CONVERSION = YES;
				GCC_WARN_ABOUT_RETURN_TYPE = YES_ERROR;
				GCC_WARN_UNDECLARED_SELECTOR = YES;
				GCC_WARN_UNINITIALIZED_AUTOS = YES_AGGRESSIVE;
				GCC_WARN_UNUSED_FUNCTION = YES;
				GCC_WARN_UNUSED_VARIABLE = YES;
				IPHONEOS_DEPLOYMENT_TARGET = 9.1;
				MTL_ENABLE_DEBUG_INFO = NO;
				SDKROOT = iphoneos;
				VALIDATE_PRODUCT = YES;
			};
			name = Release;
		};
		47B7874B1C177209004996DF /* Debug */ = {
			isa = XCBuildConfiguration;
			buildSettings = {
				ASSETCATALOG_COMPILER_APPICON_NAME = AppIcon;
				INFOPLIST_FILE = UIFontStyle/Info.plist;
				IPHONEOS_DEPLOYMENT_TARGET = 9.0;
				LD_RUNPATH_SEARCH_PATHS = "$(inherited) @executable_path/Frameworks";
				PRODUCT_BUNDLE_IDENTIFIER = com.mikepalmer.UIFontStyle;
				PRODUCT_NAME = "$(TARGET_NAME)";
			};
			name = Debug;
		};
		47B7874C1C177209004996DF /* Release */ = {
			isa = XCBuildConfiguration;
			buildSettings = {
				ASSETCATALOG_COMPILER_APPICON_NAME = AppIcon;
				INFOPLIST_FILE = UIFontStyle/Info.plist;
				IPHONEOS_DEPLOYMENT_TARGET = 9.0;
				LD_RUNPATH_SEARCH_PATHS = "$(inherited) @executable_path/Frameworks";
				PRODUCT_BUNDLE_IDENTIFIER = com.mikepalmer.UIFontStyle;
				PRODUCT_NAME = "$(TARGET_NAME)";
			};
			name = Release;
		};
/* End XCBuildConfiguration section */

/* Begin XCConfigurationList section */
		47B787331C177209004996DF /* Build configuration list for PBXProject "UIFontStyle" */ = {
			isa = XCConfigurationList;
			buildConfigurations = (
				47B787481C177209004996DF /* Debug */,
				47B787491C177209004996DF /* Release */,
			);
			defaultConfigurationIsVisible = 0;
			defaultConfigurationName = Release;
		};
		47B7874A1C177209004996DF /* Build configuration list for PBXNativeTarget "UIFontStyle" */ = {
			isa = XCConfigurationList;
			buildConfigurations = (
				47B7874B1C177209004996DF /* Debug */,
				47B7874C1C177209004996DF /* Release */,
			);
			defaultConfigurationIsVisible = 0;
			defaultConfigurationName = Release;
		};
/* End XCConfigurationList section */
	};
	rootObject = 47B787301C177209004996DF /* Project object */;
}
